
Microsoft Visual Studio Solution File, Format Version 12.00
Project("{FAE04EC0-301F-11D3-BF4B-00C04F79EFBC}") = "NetworkData", "NetworkData\NetworkData.csproj", "{B713A815-21A9-41D5-9347-F3DB83305874}"
EndProject
Global
	GlobalSection(SolutionConfigurationPlatforms) = preSolution
		Debug|Any CPU = Debug|Any CPU
		Release|Any CPU = Release|Any CPU
	EndGlobalSection
	GlobalSection(ProjectConfigurationPlatforms) = postSolution
		{B713A815-21A9-41D5-9347-F3DB83305874}.Debug|Any CPU.ActiveCfg = Debug|Any CPU
		{B713A815-21A9-41D5-9347-F3DB83305874}.Debug|Any CPU.Build.0 = Debug|Any CPU
		{B713A815-21A9-41D5-9347-F3DB83305874}.Release|Any CPU.ActiveCfg = Release|Any CPU
		{B713A815-21A9-41D5-9347-F3DB83305874}.Release|Any CPU.Build.0 = Release|Any CPU
	EndGlobalSection
EndGlobal
